
Microsoft Visual Studio Solution File, Format Version 12.00
Project("{FAE04EC0-301F-11D3-BF4B-00C04F79EFBC}") = "testApi", "testApi\testApi.csproj", "{796E308C-568B-446F-B314-511E2919A3E0}"
EndProject
Global
	GlobalSection(SolutionConfigurationPlatforms) = preSolution
		Debug|Any CPU = Debug|Any CPU
		Release|Any CPU = Release|Any CPU
	EndGlobalSection
	GlobalSection(ProjectConfigurationPlatforms) = postSolution
		{796E308C-568B-446F-B314-511E2919A3E0}.Debug|Any CPU.ActiveCfg = Debug|Any CPU
		{796E308C-568B-446F-B314-511E2919A3E0}.Debug|Any CPU.Build.0 = Debug|Any CPU
		{796E308C-568B-446F-B314-511E2919A3E0}.Release|Any CPU.ActiveCfg = Release|Any CPU
		{796E308C-568B-446F-B314-511E2919A3E0}.Release|Any CPU.Build.0 = Release|Any CPU
	EndGlobalSection
EndGlobal
